// !$*UTF8*$!
{
	archiveVersion = 1;
	classes = {
	};
	objectVersion = 46;
	objects = {

/* Begin PBXBuildFile section */
		79B2A0FC13E9D2C7006BA4EA /* UIKit.framework in Frameworks */ = {isa = PBXBuildFile; fileRef = 79B2A0FB13E9D2C7006BA4EA /* UIKit.framework */; };
		79B2A0FE13E9D2C7006BA4EA /* Foundation.framework in Frameworks */ = {isa = PBXBuildFile; fileRef = 79B2A0FD13E9D2C7006BA4EA /* Foundation.framework */; };
		79B2A10013E9D2C7006BA4EA /* CoreGraphics.framework in Frameworks */ = {isa = PBXBuildFile; fileRef = 79B2A0FF13E9D2C7006BA4EA /* CoreGraphics.framework */; };
		79B2A10613E9D2C7006BA4EA /* InfoPlist.strings in Resources */ = {isa = PBXBuildFile; fileRef = 79B2A10413E9D2C7006BA4EA /* InfoPlist.strings */; };
		79B2A10813E9D2C7006BA4EA /* main.m in Sources */ = {isa = PBXBuildFile; fileRef = 79B2A10713E9D2C7006BA4EA /* main.m */; };
		79B2A10C13E9D2C7006BA4EA /* buttonAppDelegate.m in Sources */ = {isa = PBXBuildFile; fileRef = 79B2A10B13E9D2C7006BA4EA /* buttonAppDelegate.m */; };
		79B2A10F13E9D2C7006BA4EA /* MainWindow.xib in Resources */ = {isa = PBXBuildFile; fileRef = 79B2A10D13E9D2C7006BA4EA /* MainWindow.xib */; };
		79B2A11213E9D2C7006BA4EA /* RootViewController.m in Sources */ = {isa = PBXBuildFile; fileRef = 79B2A11113E9D2C7006BA4EA /* RootViewController.m */; };
		79B2A12013E9D47E006BA4EA /* QuartzCore.framework in Frameworks */ = {isa = PBXBuildFile; fileRef = 79B2A11F13E9D47E006BA4EA /* QuartzCore.framework */; };
/* End PBXBuildFile section */

/* Begin PBXFileReference section */
		79B2A0F713E9D2C7006BA4EA /* button.app */ = {isa = PBXFileReference; explicitFileType = wrapper.application; includeInIndex = 0; path = button.app; sourceTree = BUILT_PRODUCTS_DIR; };
		79B2A0FB13E9D2C7006BA4EA /* UIKit.framework */ = {isa = PBXFileReference; lastKnownFileType = wrapper.framework; name = UIKit.framework; path = System/Library/Frameworks/UIKit.framework; sourceTree = SDKROOT; };
		79B2A0FD13E9D2C7006BA4EA /* Foundation.framework */ = {isa = PBXFileReference; lastKnownFileType = wrapper.framework; name = Foundation.framework; path = System/Library/Frameworks/Foundation.framework; sourceTree = SDKROOT; };
		79B2A0FF13E9D2C7006BA4EA /* CoreGraphics.framework */ = {isa = PBXFileReference; lastKnownFileType = wrapper.framework; name = CoreGraphics.framework; path = System/Library/Frameworks/CoreGraphics.framework; sourceTree = SDKROOT; };
		79B2A10313E9D2C7006BA4EA /* button-Info.plist */ = {isa = PBXFileReference; lastKnownFileType = text.plist.xml; path = "button-Info.plist"; sourceTree = "<group>"; };
		79B2A10513E9D2C7006BA4EA /* en */ = {isa = PBXFileReference; lastKnownFileType = text.plist.strings; name = en; path = en.lproj/InfoPlist.strings; sourceTree = "<group>"; };
		79B2A10713E9D2C7006BA4EA /* main.m */ = {isa = PBXFileReference; lastKnownFileType = sourcecode.c.objc; path = main.m; sourceTree = "<group>"; };
		79B2A10913E9D2C7006BA4EA /* button-Prefix.pch */ = {isa = PBXFileReference; lastKnownFileType = sourcecode.c.h; path = "button-Prefix.pch"; sourceTree = "<group>"; };
		79B2A10A13E9D2C7006BA4EA /* buttonAppDelegate.h */ = {isa = PBXFileReference; lastKnownFileType = sourcecode.c.h; path = buttonAppDelegate.h; sourceTree = "<group>"; };
		79B2A10B13E9D2C7006BA4EA /* buttonAppDelegate.m */ = {isa = PBXFileReference; lastKnownFileType = sourcecode.c.objc; path = buttonAppDelegate.m; sourceTree = "<group>"; };
		79B2A10E13E9D2C7006BA4EA /* en */ = {isa = PBXFileReference; lastKnownFileType = file.xib; name = en; path = en.lproj/MainWindow.xib; sourceTree = "<group>"; };
		79B2A11013E9D2C7006BA4EA /* RootViewController.h */ = {isa = PBXFileReference; lastKnownFileType = sourcecode.c.h; path = RootViewController.h; sourceTree = "<group>"; };
		79B2A11113E9D2C7006BA4EA /* RootViewController.m */ = {isa = PBXFileReference; lastKnownFileType = sourcecode.c.objc; path = RootViewController.m; sourceTree = "<group>"; };
		79B2A11F13E9D47E006BA4EA /* QuartzCore.framework */ = {isa = PBXFileReference; lastKnownFileType = wrapper.framework; name = QuartzCore.framework; path = System/Library/Frameworks/QuartzCore.framework; sourceTree = SDKROOT; };
/* End PBXFileReference section */

/* Begin PBXFrameworksBuildPhase section */
		79B2A0F413E9D2C7006BA4EA /* Frameworks */ = {
			isa = PBXFrameworksBuildPhase;
			buildActionMask = 2147483647;
			files = (
				79B2A12013E9D47E006BA4EA /* QuartzCore.framework in Frameworks */,
				79B2A0FC13E9D2C7006BA4EA /* UIKit.framework in Frameworks */,
				79B2A0FE13E9D2C7006BA4EA /* Foundation.framework in Frameworks */,
				79B2A10013E9D2C7006BA4EA /* CoreGraphics.framework in Frameworks */,
			);
			runOnlyForDeploymentPostprocessing = 0;
		};
/* End PBXFrameworksBuildPhase section */

/* Begin PBXGroup section */
		79B2A0EC13E9D2C6006BA4EA = {
			isa = PBXGroup;
			children = (
				79B2A10113E9D2C7006BA4EA /* button */,
				79B2A0FA13E9D2C7006BA4EA /* Frameworks */,
				79B2A0F813E9D2C7006BA4EA /* Products */,
			);
			sourceTree = "<group>";
		};
		79B2A0F813E9D2C7006BA4EA /* Products */ = {
			isa = PBXGroup;
			children = (
				79B2A0F713E9D2C7006BA4EA /* button.app */,
			);
			name = Products;
			sourceTree = "<group>";
		};
		79B2A0FA13E9D2C7006BA4EA /* Frameworks */ = {
			isa = PBXGroup;
			children = (
				79B2A11F13E9D47E006BA4EA /* QuartzCore.framework */,
				79B2A0FB13E9D2C7006BA4EA /* UIKit.framework */,
				79B2A0FD13E9D2C7006BA4EA /* Foundation.framework */,
				79B2A0FF13E9D2C7006BA4EA /* CoreGraphics.framework */,
			);
			name = Frameworks;
			sourceTree = "<group>";
		};
		79B2A10113E9D2C7006BA4EA /* button */ = {
			isa = PBXGroup;
			children = (
				79B2A10A13E9D2C7006BA4EA /* buttonAppDelegate.h */,
				79B2A10B13E9D2C7006BA4EA /* buttonAppDelegate.m */,
				79B2A10D13E9D2C7006BA4EA /* MainWindow.xib */,
				79B2A11013E9D2C7006BA4EA /* RootViewController.h */,
				79B2A11113E9D2C7006BA4EA /* RootViewController.m */,
				79B2A10213E9D2C7006BA4EA /* Supporting Files */,
			);
			path = button;
			sourceTree = "<group>";
		};
		79B2A10213E9D2C7006BA4EA /* Supporting Files */ = {
			isa = PBXGroup;
			children = (
				79B2A10313E9D2C7006BA4EA /* button-Info.plist */,
				79B2A10413E9D2C7006BA4EA /* InfoPlist.strings */,
				79B2A10713E9D2C7006BA4EA /* main.m */,
				79B2A10913E9D2C7006BA4EA /* button-Prefix.pch */,
			);
			name = "Supporting Files";
			sourceTree = "<group>";
		};
/* End PBXGroup section */

/* Begin PBXNativeTarget section */
		79B2A0F613E9D2C7006BA4EA /* button */ = {
			isa = PBXNativeTarget;
			buildConfigurationList = 79B2A11813E9D2C7006BA4EA /* Build configuration list for PBXNativeTarget "button" */;
			buildPhases = (
				79B2A0F313E9D2C7006BA4EA /* Sources */,
				79B2A0F413E9D2C7006BA4EA /* Frameworks */,
				79B2A0F513E9D2C7006BA4EA /* Resources */,
			);
			buildRules = (
			);
			dependencies = (
			);
			name = button;
			productName = button;
			productReference = 79B2A0F713E9D2C7006BA4EA /* button.app */;
			productType = "com.apple.product-type.application";
		};
/* End PBXNativeTarget section */

/* Begin PBXProject section */
		79B2A0EE13E9D2C6006BA4EA /* Project object */ = {
			isa = PBXProject;
			buildConfigurationList = 79B2A0F113E9D2C6006BA4EA /* Build configuration list for PBXProject "button" */;
			compatibilityVersion = "Xcode 3.2";
			developmentRegion = English;
			hasScannedForEncodings = 0;
			knownRegions = (
				en,
			);
			mainGroup = 79B2A0EC13E9D2C6006BA4EA;
			productRefGroup = 79B2A0F813E9D2C7006BA4EA /* Products */;
			projectDirPath = "";
			projectRoot = "";
			targets = (
				79B2A0F613E9D2C7006BA4EA /* button */,
			);
		};
/* End PBXProject section */

/* Begin PBXResourcesBuildPhase section */
		79B2A0F513E9D2C7006BA4EA /* Resources */ = {
			isa = PBXResourcesBuildPhase;
			buildActionMask = 2147483647;
			files = (
				79B2A10613E9D2C7006BA4EA /* InfoPlist.strings in Resources */,
				79B2A10F13E9D2C7006BA4EA /* MainWindow.xib in Resources */,
			);
			runOnlyForDeploymentPostprocessing = 0;
		};
/* End PBXResourcesBuildPhase section */

/* Begin PBXSourcesBuildPhase section */
		79B2A0F313E9D2C7006BA4EA /* Sources */ = {
			isa = PBXSourcesBuildPhase;
			buildActionMask = 2147483647;
			files = (
				79B2A10813E9D2C7006BA4EA /* main.m in Sources */,
				79B2A10C13E9D2C7006BA4EA /* buttonAppDelegate.m in Sources */,
				79B2A11213E9D2C7006BA4EA /* RootViewController.m in Sources */,
			);
			runOnlyForDeploymentPostprocessing = 0;
		};
/* End PBXSourcesBuildPhase section */

/* Begin PBXVariantGroup section */
		79B2A10413E9D2C7006BA4EA /* InfoPlist.strings */ = {
			isa = PBXVariantGroup;
			children = (
				79B2A10513E9D2C7006BA4EA /* en */,
			);
			name = InfoPlist.strings;
			sourceTree = "<group>";
		};
		79B2A10D13E9D2C7006BA4EA /* MainWindow.xib */ = {
			isa = PBXVariantGroup;
			children = (
				79B2A10E13E9D2C7006BA4EA /* en */,
			);
			name = MainWindow.xib;
			sourceTree = "<group>";
		};
/* End PBXVariantGroup section */

/* Begin XCBuildConfiguration section */
		79B2A11613E9D2C7006BA4EA /* Debug */ = {
			isa = XCBuildConfiguration;
			buildSettings = {
				ALWAYS_SEARCH_USER_PATHS = NO;
				ARCHS = "$(ARCHS_STANDARD_32_BIT)";
				"CODE_SIGN_IDENTITY[sdk=iphoneos*]" = "iPhone Developer";
				COPY_PHASE_STRIP = NO;
				GCC_C_LANGUAGE_STANDARD = gnu99;
				GCC_DYNAMIC_NO_PIC = NO;
				GCC_OPTIMIZATION_LEVEL = 0;
				GCC_PREPROCESSOR_DEFINITIONS = (
					"DEBUG=1",
					"$(inherited)",
				);
				GCC_SYMBOLS_PRIVATE_EXTERN = NO;
				GCC_VERSION = com.apple.compilers.llvmgcc42;
				GCC_WARN_ABOUT_MISSING_PROTOTYPES = YES;
				GCC_WARN_ABOUT_RETURN_TYPE = YES;
				GCC_WARN_UNUSED_VARIABLE = YES;
				IPHONEOS_DEPLOYMENT_TARGET = 4.3;
				SDKROOT = iphoneos;
			};
			name = Debug;
		};
		79B2A11713E9D2C7006BA4EA /* Release */ = {
			isa = XCBuildConfiguration;
			buildSettings = {
				ALWAYS_SEARCH_USER_PATHS = NO;
				ARCHS = "$(ARCHS_STANDARD_32_BIT)";
				"CODE_SIGN_IDENTITY[sdk=iphoneos*]" = "iPhone Developer";
				COPY_PHASE_STRIP = YES;
				GCC_C_LANGUAGE_STANDARD = gnu99;
				GCC_VERSION = com.apple.compilers.llvmgcc42;
				GCC_WARN_ABOUT_MISSING_PROTOTYPES = YES;
				GCC_WARN_ABOUT_RETURN_TYPE = YES;
				GCC_WARN_UNUSED_VARIABLE = YES;
				IPHONEOS_DEPLOYMENT_TARGET = 4.3;
				OTHER_CFLAGS = "-DNS_BLOCK_ASSERTIONS=1";
				SDKROOT = iphoneos;
				VALIDATE_PRODUCT = YES;
			};
			name = Release;
		};
		79B2A11913E9D2C7006BA4EA /* Debug */ = {
			isa = XCBuildConfiguration;
			buildSettings = {
				GCC_PRECOMPILE_PREFIX_HEADER = YES;
				GCC_PREFIX_HEADER = "button/button-Prefix.pch";
				INFOPLIST_FILE = "button/button-Info.plist";
				PRODUCT_NAME = "$(TARGET_NAME)";
				WRAPPER_EXTENSION = app;
			};
			name = Debug;
		};
		79B2A11A13E9D2C7006BA4EA /* Release */ = {
			isa = XCBuildConfiguration;
			buildSettings = {
				GCC_PRECOMPILE_PREFIX_HEADER = YES;
				GCC_PREFIX_HEADER = "button/button-Prefix.pch";
				INFOPLIST_FILE = "button/button-Info.plist";
				PRODUCT_NAME = "$(TARGET_NAME)";
				WRAPPER_EXTENSION = app;
			};
			name = Release;
		};
/* End XCBuildConfiguration section */

/* Begin XCConfigurationList section */
		79B2A0F113E9D2C6006BA4EA /* Build configuration list for PBXProject "button" */ = {
			isa = XCConfigurationList;
			buildConfigurations = (
				79B2A11613E9D2C7006BA4EA /* Debug */,
				79B2A11713E9D2C7006BA4EA /* Release */,
			);
			defaultConfigurationIsVisible = 0;
			defaultConfigurationName = Release;
		};
		79B2A11813E9D2C7006BA4EA /* Build configuration list for PBXNativeTarget "button" */ = {
			isa = XCConfigurationList;
			buildConfigurations = (
				79B2A11913E9D2C7006BA4EA /* Debug */,
				79B2A11A13E9D2C7006BA4EA /* Release */,
			);
			defaultConfigurationIsVisible = 0;
			defaultConfigurationName = Release;
		};
/* End XCConfigurationList section */
	};
	rootObject = 79B2A0EE13E9D2C6006BA4EA /* Project object */;
}
